
Microsoft Visual Studio Solution File, Format Version 12.00
# Visual Studio Version 17
VisualStudioVersion = 17.5.002.0
MinimumVisualStudioVersion = 10.0.40219.1
Project("{9A19103F-16F7-4668-BE54-9A1E7A4F7556}") = "BlazorApp", "BlazorApp.csproj", "{1DC16B39-208C-47B7-8EA3-7D9A30A2D940}"
EndProject
Global
	GlobalSection(SolutionConfigurationPlatforms) = preSolution
		Debug|Any CPU = Debug|Any CPU
		Release|Any CPU = Release|Any CPU
	EndGlobalSection
	GlobalSection(ProjectConfigurationPlatforms) = postSolution
		{1DC16B39-208C-47B7-8EA3-7D9A30A2D940}.Debug|Any CPU.ActiveCfg = Debug|Any CPU
		{1DC16B39-208C-47B7-8EA3-7D9A30A2D940}.Debug|Any CPU.Build.0 = Debug|Any CPU
		{1DC16B39-208C-47B7-8EA3-7D9A30A2D940}.Release|Any CPU.ActiveCfg = Release|Any CPU
		{1DC16B39-208C-47B7-8EA3-7D9A30A2D940}.Release|Any CPU.Build.0 = Release|Any CPU
	EndGlobalSection
	GlobalSection(SolutionProperties) = preSolution
		HideSolutionNode = FALSE
	EndGlobalSection
	GlobalSection(ExtensibilityGlobals) = postSolution
		SolutionGuid = {8D24EC27-F757-48BB-8C2D-5DB1159080A3}
	EndGlobalSection
EndGlobal
